<?xml version="1.0" encoding="utf-8"?>
<Project ToolsVersion="4.0" xmlns="http://schemas.microsoft.com/developer/msbuild/2003">
  <ItemGroup>
    <Filter Include="Source Files">
      <UniqueIdentifier>{4FC737F1-C7A5-4376-A066-2A32D752A2FF}</UniqueIdentifier>
      <Extensions>cpp;c;cc;cxx;def;odl;idl;hpj;bat;asm;asmx</Extensions>
    </Filter>
    <Filter Include="Header Files">
      <UniqueIdentifier>{93995380-89BD-4b04-88EB-625FBE52EBFB}</UniqueIdentifier>
      <Extensions>h;hpp;hxx;hm;inl;inc;xsd</Extensions>
    </Filter>
    <Filter Include="Resource Files">
      <UniqueIdentifier>{67DA6AB6-F800-4c08-8B7A-83BB121AAD01}</UniqueIdentifier>
      <Extensions>rc;ico;cur;bmp;dlg;rc2;rct;bin;rgs;gif;jpg;jpeg;jpe;resx;tiff;tif;png;wav</Extensions>
    </Filter>
  </ItemGroup>
  <ItemGroup>
    <ClCompile Include="AssemblyInfo.cpp">
      <Filter>Source Files</Filter>
    </ClCompile>
    <ClCompile Include="build_css.cpp">
      <Filter>Source Files</Filter>
    </ClCompile>
    <ClCompile Include="CommandLine.cpp">
      <Filter>Source Files</Filter>
    </ClCompile>
    <ClCompile Include="css_file.cpp">
      <Filter>Source Files</Filter>
    </ClCompile>
    <ClCompile Include="FolderBuilder.cpp">
      <Filter>Source Files</Filter>
    </ClCompile>
    <ClCompile Include="form1.cpp">
      <Filter>Source Files</Filter>
    </ClCompile>
    <ClCompile Include="form1BackgroundTab.cpp">
      <Filter>Source Files</Filter>
    </ClCompile>
    <ClCompile Include="form1Generate.cpp">
      <Filter>Source Files</Filter>
    </ClCompile>
    <ClCompile Include="form1InputFoldersTab.cpp">
      <Filter>Source Files</Filter>
    </ClCompile>
    <ClCompile Include="form1LoadPreview.cpp">
      <Filter>Source Files</Filter>
    </ClCompile>
    <ClCompile Include="form1Menus.cpp">
      <Filter>Source Files</Filter>
    </ClCompile>
    <ClCompile Include="form1PreviewTab.cpp">
      <Filter>Source Files</Filter>
    </ClCompile>
    <ClCompile Include="form1SettingsTab.cpp">
      <Filter>Source Files</Filter>
    </ClCompile>
    <ClCompile Include="form1WatermarkTab.cpp">
      <Filter>Source Files</Filter>
    </ClCompile>
    <ClCompile Include="ImageCopier.cpp">
      <Filter>Source Files</Filter>
    </ClCompile>
    <ClCompile Include="ImageFileList.cpp">
      <Filter>Source Files</Filter>
    </ClCompile>
    <ClCompile Include="ImagePaths.cpp">
      <Filter>Source Files</Filter>
    </ClCompile>
    <ClCompile Include="LocalisedNames.cpp">
      <Filter>Source Files</Filter>
    </ClCompile>
    <ClCompile Include="PictureHandler.cpp">
      <Filter>Source Files</Filter>
    </ClCompile>
    <ClCompile Include="progress_dialog.cpp">
      <Filter>Source Files</Filter>
    </ClCompile>
    <ClCompile Include="Results.cpp">
      <Filter>Source Files</Filter>
    </ClCompile>
    <ClCompile Include="stdafx.cpp">
      <Filter>Source Files</Filter>
    </ClCompile>
    <ClCompile Include="ThumbCreator.cpp">
      <Filter>Source Files</Filter>
    </ClCompile>
    <ClCompile Include="utilities.cpp">
      <Filter>Source Files</Filter>
    </ClCompile>
    <ClCompile Include="WaterMarker.cpp">
      <Filter>Source Files</Filter>
    </ClCompile>
    <ClCompile Include="WriteXMLFiles.cpp">
      <Filter>Source Files</Filter>
    </ClCompile>
    <ClCompile Include="XILG.NET 3.0.cpp">
      <Filter>Source Files</Filter>
    </ClCompile>
    <ClCompile Include="xilg_about.cpp">
      <Filter>Source Files</Filter>
    </ClCompile>
    <ClCompile Include="XilgProgressEvent.cpp">
      <Filter>Source Files</Filter>
    </ClCompile>
  </ItemGroup>
  <ItemGroup>
    <ClInclude Include="build_css.h">
      <Filter>Header Files</Filter>
    </ClInclude>
    <ClInclude Include="clproxy.h">
      <Filter>Header Files</Filter>
    </ClInclude>
    <ClInclude Include="CommandLine.h">
      <Filter>Header Files</Filter>
    </ClInclude>
    <ClInclude Include="css_file.h">
      <Filter>Header Files</Filter>
    </ClInclude>
    <ClInclude Include="FolderBuilder.h">
      <Filter>Header Files</Filter>
    </ClInclude>
    <ClInclude Include="Form1.h">
      <Filter>Header Files</Filter>
    </ClInclude>
    <ClInclude Include="ImageCopier.h">
      <Filter>Header Files</Filter>
    </ClInclude>
    <ClInclude Include="ImageFileList.h">
      <Filter>Header Files</Filter>
    </ClInclude>
    <ClInclude Include="ImagePaths.h">
      <Filter>Header Files</Filter>
    </ClInclude>
    <ClInclude Include="LocalisedNames.h">
      <Filter>Header Files</Filter>
    </ClInclude>
    <ClInclude Include="PictureHandler.h">
      <Filter>Header Files</Filter>
    </ClInclude>
    <ClInclude Include="progress_dialog.h">
      <Filter>Header Files</Filter>
    </ClInclude>
    <ClInclude Include="resource.h">
      <Filter>Header Files</Filter>
    </ClInclude>
    <ClInclude Include="Results.h">
      <Filter>Header Files</Filter>
    </ClInclude>
    <ClInclude Include="stdafx.h">
      <Filter>Header Files</Filter>
    </ClInclude>
    <ClInclude Include="ThumbCreator.h">
      <Filter>Header Files</Filter>
    </ClInclude>
    <ClInclude Include="utilities.h">
      <Filter>Header Files</Filter>
    </ClInclude>
    <ClInclude Include="WriteXMLFile.h">
      <Filter>Header Files</Filter>
    </ClInclude>
    <ClInclude Include="xilg_about.h">
      <Filter>Header Files</Filter>
    </ClInclude>
    <ClInclude Include="XilgProgressEvent.h">
      <Filter>Header Files</Filter>
    </ClInclude>
  </ItemGroup>
  <ItemGroup>
    <Image Include="app.ico">
      <Filter>Resource Files</Filter>
    </Image>
  </ItemGroup>
  <ItemGroup>
    <ResourceCompile Include="app.rc">
      <Filter>Resource Files</Filter>
    </ResourceCompile>
  </ItemGroup>
  <ItemGroup>
    <Text Include="ReadMe.txt" />
  </ItemGroup>
  <ItemGroup>
    <None Include="..\x64\Release\xilg_page.html" />
  </ItemGroup>
</Project>